// !$*UTF8*$!
{
	archiveVersion = 1;
	classes = {
	};
	objectVersion = 77;
	objects = {

/* Begin PBXContainerItemProxy section */
		2A656DAC2DC0681800594FC1 /* PBXContainerItemProxy */ = {
			isa = PBXContainerItemProxy;
			containerPortal = 2A656D962DC0681700594FC1 /* Project object */;
			proxyType = 1;
			remoteGlobalIDString = 2A656D9D2DC0681700594FC1;
			remoteInfo = FamilyTicTacToe;
		};
		2A656DB62DC0681800594FC1 /* PBXContainerItemProxy */ = {
			isa = PBXContainerItemProxy;
			containerPortal = 2A656D962DC0681700594FC1 /* Project object */;
			proxyType = 1;
			remoteGlobalIDString = 2A656D9D2DC0681700594FC1;
			remoteInfo = FamilyTicTacToe;
		};
/* End PBXContainerItemProxy section */

/* Begin PBXFileReference section */
		2A656D9E2DC0681700594FC1 /* FamilyTicTacToe.app */ = {isa = PBXFileReference; explicitFileType = wrapper.application; includeInIndex = 0; path = FamilyTicTacToe.app; sourceTree = BUILT_PRODUCTS_DIR; };
		2A656DAB2DC0681800594FC1 /* FamilyTicTacToeTests.xctest */ = {isa = PBXFileReference; explicitFileType = wrapper.cfbundle; includeInIndex = 0; path = FamilyTicTacToeTests.xctest; sourceTree = BUILT_PRODUCTS_DIR; };
		2A656DB52DC0681800594FC1 /* FamilyTicTacToeUITests.xctest */ = {isa = PBXFileReference; explicitFileType = wrapper.cfbundle; includeInIndex = 0; path = FamilyTicTacToeUITests.xctest; sourceTree = BUILT_PRODUCTS_DIR; };
/* End PBXFileReference section */

/* Begin PBXFileSystemSynchronizedRootGroup section */
		2A656DA02DC0681700594FC1 /* FamilyTicTacToe */ = {
			isa = PBXFileSystemSynchronizedRootGroup;
			path = FamilyTicTacToe;
			sourceTree = "<group>";
		};
		2A656DAE2DC0681800594FC1 /* FamilyTicTacToeTests */ = {
			isa = PBXFileSystemSynchronizedRootGroup;
			path = FamilyTicTacToeTests;
			sourceTree = "<group>";
		};
		2A656DB82DC0681800594FC1 /* FamilyTicTacToeUITests */ = {
			isa = PBXFileSystemSynchronizedRootGroup;
			path = FamilyTicTacToeUITests;
			sourceTree = "<group>";
		};
/* End PBXFileSystemSynchronizedRootGroup section */

/* Begin PBXFrameworksBuildPhase section */
		2A656D9B2DC0681700594FC1 /* Frameworks */ = {
			isa = PBXFrameworksBuildPhase;
			buildActionMask = 2147483647;
			files = (
			);
			runOnlyForDeploymentPostprocessing = 0;
		};
		2A656DA82DC0681800594FC1 /* Frameworks */ = {
			isa = PBXFrameworksBuildPhase;
			buildActionMask = 2147483647;
			files = (
			);
			runOnlyForDeploymentPostprocessing = 0;
		};
		2A656DB22DC0681800594FC1 /* Frameworks */ = {
			isa = PBXFrameworksBuildPhase;
			buildActionMask = 2147483647;
			files = (
			);
			runOnlyForDeploymentPostprocessing = 0;
		};
/* End PBXFrameworksBuildPhase section */

/* Begin PBXGroup section */
		2A656D952DC0681700594FC1 = {
			isa = PBXGroup;
			children = (
				2A656DA02DC0681700594FC1 /* FamilyTicTacToe */,
				2A656DAE2DC0681800594FC1 /* FamilyTicTacToeTests */,
				2A656DB82DC0681800594FC1 /* FamilyTicTacToeUITests */,
				2A656D9F2DC0681700594FC1 /* Products */,
			);
			sourceTree = "<group>";
		};
		2A656D9F2DC0681700594FC1 /* Products */ = {
			isa = PBXGroup;
			children = (
				2A656D9E2DC0681700594FC1 /* FamilyTicTacToe.app */,
				2A656DAB2DC0681800594FC1 /* FamilyTicTacToeTests.xctest */,
				2A656DB52DC0681800594FC1 /* FamilyTicTacToeUITests.xctest */,
			);
			name = Products;
			sourceTree = "<group>";
		};
/* End PBXGroup section */

/* Begin PBXNativeTarget section */
		2A656D9D2DC0681700594FC1 /* FamilyTicTacToe */ = {
			isa = PBXNativeTarget;
			buildConfigurationList = 2A656DBF2DC0681800594FC1 /* Build configuration list for PBXNativeTarget "FamilyTicTacToe" */;
			buildPhases = (
				2A656D9A2DC0681700594FC1 /* Sources */,
				2A656D9B2DC0681700594FC1 /* Frameworks */,
				2A656D9C2DC0681700594FC1 /* Resources */,
			);
			buildRules = (
			);
			dependencies = (
			);
			fileSystemSynchronizedGroups = (
				2A656DA02DC0681700594FC1 /* FamilyTicTacToe */,
			);
			name = FamilyTicTacToe;
			packageProductDependencies = (
			);
			productName = FamilyTicTacToe;
			productReference = 2A656D9E2DC0681700594FC1 /* FamilyTicTacToe.app */;
			productType = "com.apple.product-type.application";
		};
		2A656DAA2DC0681800594FC1 /* FamilyTicTacToeTests */ = {
			isa = PBXNativeTarget;
			buildConfigurationList = 2A656DC22DC0681800594FC1 /* Build configuration list for PBXNativeTarget "FamilyTicTacToeTests" */;
			buildPhases = (
				2A656DA72DC0681800594FC1 /* Sources */,
				2A656DA82DC0681800594FC1 /* Frameworks */,
				2A656DA92DC0681800594FC1 /* Resources */,
			);
			buildRules = (
			);
			dependencies = (
				2A656DAD2DC0681800594FC1 /* PBXTargetDependency */,
			);
			fileSystemSynchronizedGroups = (
				2A656DAE2DC0681800594FC1 /* FamilyTicTacToeTests */,
			);
			name = FamilyTicTacToeTests;
			packageProductDependencies = (
			);
			productName = FamilyTicTacToeTests;
			productReference = 2A656DAB2DC0681800594FC1 /* FamilyTicTacToeTests.xctest */;
			productType = "com.apple.product-type.bundle.unit-test";
		};
		2A656DB42DC0681800594FC1 /* FamilyTicTacToeUITests */ = {
			isa = PBXNativeTarget;
			buildConfigurationList = 2A656DC52DC0681800594FC1 /* Build configuration list for PBXNativeTarget "FamilyTicTacToeUITests" */;
			buildPhases = (
				2A656DB12DC0681800594FC1 /* Sources */,
				2A656DB22DC0681800594FC1 /* Frameworks */,
				2A656DB32DC0681800594FC1 /* Resources */,
			);
			buildRules = (
			);
			dependencies = (
				2A656DB72DC0681800594FC1 /* PBXTargetDependency */,
			);
			fileSystemSynchronizedGroups = (
				2A656DB82DC0681800594FC1 /* FamilyTicTacToeUITests */,
			);
			name = FamilyTicTacToeUITests;
			packageProductDependencies = (
			);
			productName = FamilyTicTacToeUITests;
			productReference = 2A656DB52DC0681800594FC1 /* FamilyTicTacToeUITests.xctest */;
			productType = "com.apple.product-type.bundle.ui-testing";
		};
/* End PBXNativeTarget section */

/* Begin PBXProject section */
		2A656D962DC0681700594FC1 /* Project object */ = {
			isa = PBXProject;
			attributes = {
				BuildIndependentTargetsInParallel = 1;
				LastSwiftUpdateCheck = 1630;
				LastUpgradeCheck = 1630;
				TargetAttributes = {
					2A656D9D2DC0681700594FC1 = {
						CreatedOnToolsVersion = 16.3;
					};
					2A656DAA2DC0681800594FC1 = {
						CreatedOnToolsVersion = 16.3;
						TestTargetID = 2A656D9D2DC0681700594FC1;
					};
					2A656DB42DC0681800594FC1 = {
						CreatedOnToolsVersion = 16.3;
						TestTargetID = 2A656D9D2DC0681700594FC1;
					};
				};
			};
			buildConfigurationList = 2A656D992DC0681700594FC1 /* Build configuration list for PBXProject "FamilyTicTacToe" */;
			developmentRegion = en;
			hasScannedForEncodings = 0;
			knownRegions = (
				en,
				Base,
			);
			mainGroup = 2A656D952DC0681700594FC1;
			minimizedProjectReferenceProxies = 1;
			preferredProjectObjectVersion = 77;
			productRefGroup = 2A656D9F2DC0681700594FC1 /* Products */;
			projectDirPath = "";
			projectRoot = "";
			targets = (
				2A656D9D2DC0681700594FC1 /* FamilyTicTacToe */,
				2A656DAA2DC0681800594FC1 /* FamilyTicTacToeTests */,
				2A656DB42DC0681800594FC1 /* FamilyTicTacToeUITests */,
			);
		};
/* End PBXProject section */

/* Begin PBXResourcesBuildPhase section */
		2A656D9C2DC0681700594FC1 /* Resources */ = {
			isa = PBXResourcesBuildPhase;
			buildActionMask = 2147483647;
			files = (
			);
			runOnlyForDeploymentPostprocessing = 0;
		};
		2A656DA92DC0681800594FC1 /* Resources */ = {
			isa = PBXResourcesBuildPhase;
			buildActionMask = 2147483647;
			files = (
			);
			runOnlyForDeploymentPostprocessing = 0;
		};
		2A656DB32DC0681800594FC1 /* Resources */ = {
			isa = PBXResourcesBuildPhase;
			buildActionMask = 2147483647;
			files = (
			);
			runOnlyForDeploymentPostprocessing = 0;
		};
/* End PBXResourcesBuildPhase section */

/* Begin PBXSourcesBuildPhase section */
		2A656D9A2DC0681700594FC1 /* Sources */ = {
			isa = PBXSourcesBuildPhase;
			buildActionMask = 2147483647;
			files = (
			);
			runOnlyForDeploymentPostprocessing = 0;
		};
		2A656DA72DC0681800594FC1 /* Sources */ = {
			isa = PBXSourcesBuildPhase;
			buildActionMask = 2147483647;
			files = (
			);
			runOnlyForDeploymentPostprocessing = 0;
		};
		2A656DB12DC0681800594FC1 /* Sources */ = {
			isa = PBXSourcesBuildPhase;
			buildActionMask = 2147483647;
			files = (
			);
			runOnlyForDeploymentPostprocessing = 0;
		};
/* End PBXSourcesBuildPhase section */

/* Begin PBXTargetDependency section */
		2A656DAD2DC0681800594FC1 /* PBXTargetDependency */ = {
			isa = PBXTargetDependency;
			target = 2A656D9D2DC0681700594FC1 /* FamilyTicTacToe */;
			targetProxy = 2A656DAC2DC0681800594FC1 /* PBXContainerItemProxy */;
		};
		2A656DB72DC0681800594FC1 /* PBXTargetDependency */ = {
			isa = PBXTargetDependency;
			target = 2A656D9D2DC0681700594FC1 /* FamilyTicTacToe */;
			targetProxy = 2A656DB62DC0681800594FC1 /* PBXContainerItemProxy */;
		};
/* End PBXTargetDependency section */

/* Begin XCBuildConfiguration section */
		2A656DBD2DC0681800594FC1 /* Debug */ = {
			isa = XCBuildConfiguration;
			buildSettings = {
				ALWAYS_SEARCH_USER_PATHS = NO;
				ASSETCATALOG_COMPILER_GENERATE_SWIFT_ASSET_SYMBOL_EXTENSIONS = YES;
				CLANG_ANALYZER_NONNULL = YES;
				CLANG_ANALYZER_NUMBER_OBJECT_CONVERSION = YES_AGGRESSIVE;
				CLANG_CXX_LANGUAGE_STANDARD = "gnu++20";
				CLANG_ENABLE_MODULES = YES;
				CLANG_ENABLE_OBJC_ARC = YES;
				CLANG_ENABLE_OBJC_WEAK = YES;
				CLANG_WARN_BLOCK_CAPTURE_AUTORELEASING = YES;
				CLANG_WARN_BOOL_CONVERSION = YES;
				CLANG_WARN_COMMA = YES;
				CLANG_WARN_CONSTANT_CONVERSION = YES;
				CLANG_WARN_DEPRECATED_OBJC_IMPLEMENTATIONS = YES;
				CLANG_WARN_DIRECT_OBJC_ISA_USAGE = YES_ERROR;
				CLANG_WARN_DOCUMENTATION_COMMENTS = YES;
				CLANG_WARN_EMPTY_BODY = YES;
				CLANG_WARN_ENUM_CONVERSION = YES;
				CLANG_WARN_INFINITE_RECURSION = YES;
				CLANG_WARN_INT_CONVERSION = YES;
				CLANG_WARN_NON_LITERAL_NULL_CONVERSION = YES;
				CLANG_WARN_OBJC_IMPLICIT_RETAIN_SELF = YES;
				CLANG_WARN_OBJC_LITERAL_CONVERSION = YES;
				CLANG_WARN_OBJC_ROOT_CLASS = YES_ERROR;
				CLANG_WARN_QUOTED_INCLUDE_IN_FRAMEWORK_HEADER = YES;
				CLANG_WARN_RANGE_LOOP_ANALYSIS = YES;
				CLANG_WARN_STRICT_PROTOTYPES = YES;
				CLANG_WARN_SUSPICIOUS_MOVE = YES;
				CLANG_WARN_UNGUARDED_AVAILABILITY = YES_AGGRESSIVE;
				CLANG_WARN_UNREACHABLE_CODE = YES;
				CLANG_WARN__DUPLICATE_METHOD_MATCH = YES;
				COPY_PHASE_STRIP = NO;
				DEBUG_INFORMATION_FORMAT = dwarf;
				DEVELOPMENT_TEAM = QSFP52FBJ9;
				ENABLE_STRICT_OBJC_MSGSEND = YES;
				ENABLE_TESTABILITY = YES;
				ENABLE_USER_SCRIPT_SANDBOXING = YES;
				GCC_C_LANGUAGE_STANDARD = gnu17;
				GCC_DYNAMIC_NO_PIC = NO;
				GCC_NO_COMMON_BLOCKS = YES;
				GCC_OPTIMIZATION_LEVEL = 0;
				GCC_PREPROCESSOR_DEFINITIONS = (
					"DEBUG=1",
					"$(inherited)",
				);
				GCC_WARN_64_TO_32_BIT_CONVERSION = YES;
				GCC_WARN_ABOUT_RETURN_TYPE = YES_ERROR;
				GCC_WARN_UNDECLARED_SELECTOR = YES;
				GCC_WARN_UNINITIALIZED_AUTOS = YES_AGGRESSIVE;
				GCC_WARN_UNUSED_FUNCTION = YES;
				GCC_WARN_UNUSED_VARIABLE = YES;
				IPHONEOS_DEPLOYMENT_TARGET = 18.4;
				LOCALIZATION_PREFERS_STRING_CATALOGS = YES;
				MTL_ENABLE_DEBUG_INFO = INCLUDE_SOURCE;
				MTL_FAST_MATH = YES;
				ONLY_ACTIVE_ARCH = YES;
				SDKROOT = iphoneos;
				SWIFT_ACTIVE_COMPILATION_CONDITIONS = "DEBUG $(inherited)";
				SWIFT_OPTIMIZATION_LEVEL = "-Onone";
			};
			name = Debug;
		};
		2A656DBE2DC0681800594FC1 /* Release */ = {
			isa = XCBuildConfiguration;
			buildSettings = {
				ALWAYS_SEARCH_USER_PATHS = NO;
				ASSETCATALOG_COMPILER_GENERATE_SWIFT_ASSET_SYMBOL_EXTENSIONS = YES;
				CLANG_ANALYZER_NONNULL = YES;
				CLANG_ANALYZER_NUMBER_OBJECT_CONVERSION = YES_AGGRESSIVE;
				CLANG_CXX_LANGUAGE_STANDARD = "gnu++20";
				CLANG_ENABLE_MODULES = YES;
				CLANG_ENABLE_OBJC_ARC = YES;
				CLANG_ENABLE_OBJC_WEAK = YES;
				CLANG_WARN_BLOCK_CAPTURE_AUTORELEASING = YES;
				CLANG_WARN_BOOL_CONVERSION = YES;
				CLANG_WARN_COMMA = YES;
				CLANG_WARN_CONSTANT_CONVERSION = YES;
				CLANG_WARN_DEPRECATED_OBJC_IMPLEMENTATIONS = YES;
				CLANG_WARN_DIRECT_OBJC_ISA_USAGE = YES_ERROR;
				CLANG_WARN_DOCUMENTATION_COMMENTS = YES;
				CLANG_WARN_EMPTY_BODY = YES;
				CLANG_WARN_ENUM_CONVERSION = YES;
				CLANG_WARN_INFINITE_RECURSION = YES;
				CLANG_WARN_INT_CONVERSION = YES;
				CLANG_WARN_NON_LITERAL_NULL_CONVERSION = YES;
				CLANG_WARN_OBJC_IMPLICIT_RETAIN_SELF = YES;
				CLANG_WARN_OBJC_LITERAL_CONVERSION = YES;
				CLANG_WARN_OBJC_ROOT_CLASS = YES_ERROR;
				CLANG_WARN_QUOTED_INCLUDE_IN_FRAMEWORK_HEADER = YES;
				CLANG_WARN_RANGE_LOOP_ANALYSIS = YES;
				CLANG_WARN_STRICT_PROTOTYPES = YES;
				CLANG_WARN_SUSPICIOUS_MOVE = YES;
				CLANG_WARN_UNGUARDED_AVAILABILITY = YES_AGGRESSIVE;
				CLANG_WARN_UNREACHABLE_CODE = YES;
				CLANG_WARN__DUPLICATE_METHOD_MATCH = YES;
				COPY_PHASE_STRIP = NO;
				DEBUG_INFORMATION_FORMAT = "dwarf-with-dsym";
				DEVELOPMENT_TEAM = QSFP52FBJ9;
				ENABLE_NS_ASSERTIONS = NO;
				ENABLE_STRICT_OBJC_MSGSEND = YES;
				ENABLE_USER_SCRIPT_SANDBOXING = YES;
				GCC_C_LANGUAGE_STANDARD = gnu17;
				GCC_NO_COMMON_BLOCKS = YES;
				GCC_WARN_64_TO_32_BIT_CONVERSION = YES;
				GCC_WARN_ABOUT_RETURN_TYPE = YES_ERROR;
				GCC_WARN_UNDECLARED_SELECTOR = YES;
				GCC_WARN_UNINITIALIZED_AUTOS = YES_AGGRESSIVE;
				GCC_WARN_UNUSED_FUNCTION = YES;
				GCC_WARN_UNUSED_VARIABLE = YES;
				IPHONEOS_DEPLOYMENT_TARGET = 18.4;
				LOCALIZATION_PREFERS_STRING_CATALOGS = YES;
				MTL_ENABLE_DEBUG_INFO = NO;
				MTL_FAST_MATH = YES;
				SDKROOT = iphoneos;
				SWIFT_COMPILATION_MODE = wholemodule;
				VALIDATE_PRODUCT = YES;
			};
			name = Release;
		};
		2A656DC02DC0681800594FC1 /* Debug */ = {
			isa = XCBuildConfiguration;
			buildSettings = {
				ASSETCATALOG_COMPILER_APPICON_NAME = AppIcon;
				ASSETCATALOG_COMPILER_GLOBAL_ACCENT_COLOR_NAME = AccentColor;
				CODE_SIGN_STYLE = Automatic;
				CURRENT_PROJECT_VERSION = 1;
				DEVELOPMENT_TEAM = QSFP52FBJ9;
				ENABLE_PREVIEWS = YES;
				GENERATE_INFOPLIST_FILE = YES;
				INFOPLIST_KEY_UIApplicationSceneManifest_Generation = YES;
				INFOPLIST_KEY_UIApplicationSupportsIndirectInputEvents = YES;
				INFOPLIST_KEY_UILaunchScreen_Generation = YES;
				INFOPLIST_KEY_UISupportedInterfaceOrientations_iPad = "UIInterfaceOrientationPortrait UIInterfaceOrientationPortraitUpsideDown UIInterfaceOrientationLandscapeLeft UIInterfaceOrientationLandscapeRight";
				INFOPLIST_KEY_UISupportedInterfaceOrientations_iPhone = "UIInterfaceOrientationPortrait UIInterfaceOrientationLandscapeLeft UIInterfaceOrientationLandscapeRight";
				LD_RUNPATH_SEARCH_PATHS = (
					"$(inherited)",
					"@executable_path/Frameworks",
				);
				MARKETING_VERSION = 1.0;
				PRODUCT_BUNDLE_IDENTIFIER = moofus.com.FamilyTicTacToe;
				PRODUCT_NAME = "$(TARGET_NAME)";
				SWIFT_EMIT_LOC_STRINGS = YES;
				SWIFT_STRICT_CONCURRENCY = complete;
				SWIFT_VERSION = 6.0;
				TARGETED_DEVICE_FAMILY = "1,2";
			};
			name = Debug;
		};
		2A656DC12DC0681800594FC1 /* Release */ = {
			isa = XCBuildConfiguration;
			buildSettings = {
				ASSETCATALOG_COMPILER_APPICON_NAME = AppIcon;
				ASSETCATALOG_COMPILER_GLOBAL_ACCENT_COLOR_NAME = AccentColor;
				CODE_SIGN_STYLE = Automatic;
				CURRENT_PROJECT_VERSION = 1;
				DEVELOPMENT_TEAM = QSFP52FBJ9;
				ENABLE_PREVIEWS = YES;
				GENERATE_INFOPLIST_FILE = YES;
				INFOPLIST_KEY_UIApplicationSceneManifest_Generation = YES;
				INFOPLIST_KEY_UIApplicationSupportsIndirectInputEvents = YES;
				INFOPLIST_KEY_UILaunchScreen_Generation = YES;
				INFOPLIST_KEY_UISupportedInterfaceOrientations_iPad = "UIInterfaceOrientationPortrait UIInterfaceOrientationPortraitUpsideDown UIInterfaceOrientationLandscapeLeft UIInterfaceOrientationLandscapeRight";
				INFOPLIST_KEY_UISupportedInterfaceOrientations_iPhone = "UIInterfaceOrientationPortrait UIInterfaceOrientationLandscapeLeft UIInterfaceOrientationLandscapeRight";
				LD_RUNPATH_SEARCH_PATHS = (
					"$(inherited)",
					"@executable_path/Frameworks",
				);
				MARKETING_VERSION = 1.0;
				PRODUCT_BUNDLE_IDENTIFIER = moofus.com.FamilyTicTacToe;
				PRODUCT_NAME = "$(TARGET_NAME)";
				SWIFT_EMIT_LOC_STRINGS = YES;
				SWIFT_STRICT_CONCURRENCY = complete;
				SWIFT_VERSION = 6.0;
				TARGETED_DEVICE_FAMILY = "1,2";
			};
			name = Release;
		};
		2A656DC32DC0681800594FC1 /* Debug */ = {
			isa = XCBuildConfiguration;
			buildSettings = {
				BUNDLE_LOADER = "$(TEST_HOST)";
				CODE_SIGN_STYLE = Automatic;
				CURRENT_PROJECT_VERSION = 1;
				DEVELOPMENT_TEAM = QSFP52FBJ9;
				GENERATE_INFOPLIST_FILE = YES;
				IPHONEOS_DEPLOYMENT_TARGET = 18.4;
				MARKETING_VERSION = 1.0;
				PRODUCT_BUNDLE_IDENTIFIER = moofus.com.FamilyTicTacToeTests;
				PRODUCT_NAME = "$(TARGET_NAME)";
				SWIFT_EMIT_LOC_STRINGS = NO;
				SWIFT_VERSION = 5.0;
				TARGETED_DEVICE_FAMILY = "1,2";
				TEST_HOST = "$(BUILT_PRODUCTS_DIR)/FamilyTicTacToe.app/$(BUNDLE_EXECUTABLE_FOLDER_PATH)/FamilyTicTacToe";
			};
			name = Debug;
		};
		2A656DC42DC0681800594FC1 /* Release */ = {
			isa = XCBuildConfiguration;
			buildSettings = {
				BUNDLE_LOADER = "$(TEST_HOST)";
				CODE_SIGN_STYLE = Automatic;
				CURRENT_PROJECT_VERSION = 1;
				DEVELOPMENT_TEAM = QSFP52FBJ9;
				GENERATE_INFOPLIST_FILE = YES;
				IPHONEOS_DEPLOYMENT_TARGET = 18.4;
				MARKETING_VERSION = 1.0;
				PRODUCT_BUNDLE_IDENTIFIER = moofus.com.FamilyTicTacToeTests;
				PRODUCT_NAME = "$(TARGET_NAME)";
				SWIFT_EMIT_LOC_STRINGS = NO;
				SWIFT_VERSION = 5.0;
				TARGETED_DEVICE_FAMILY = "1,2";
				TEST_HOST = "$(BUILT_PRODUCTS_DIR)/FamilyTicTacToe.app/$(BUNDLE_EXECUTABLE_FOLDER_PATH)/FamilyTicTacToe";
			};
			name = Release;
		};
		2A656DC62DC0681800594FC1 /* Debug */ = {
			isa = XCBuildConfiguration;
			buildSettings = {
				CODE_SIGN_STYLE = Automatic;
				CURRENT_PROJECT_VERSION = 1;
				DEVELOPMENT_TEAM = QSFP52FBJ9;
				GENERATE_INFOPLIST_FILE = YES;
				MARKETING_VERSION = 1.0;
				PRODUCT_BUNDLE_IDENTIFIER = moofus.com.FamilyTicTacToeUITests;
				PRODUCT_NAME = "$(TARGET_NAME)";
				SWIFT_EMIT_LOC_STRINGS = NO;
				SWIFT_VERSION = 5.0;
				TARGETED_DEVICE_FAMILY = "1,2";
				TEST_TARGET_NAME = FamilyTicTacToe;
			};
			name = Debug;
		};
		2A656DC72DC0681800594FC1 /* Release */ = {
			isa = XCBuildConfiguration;
			buildSettings = {
				CODE_SIGN_STYLE = Automatic;
				CURRENT_PROJECT_VERSION = 1;
				DEVELOPMENT_TEAM = QSFP52FBJ9;
				GENERATE_INFOPLIST_FILE = YES;
				MARKETING_VERSION = 1.0;
				PRODUCT_BUNDLE_IDENTIFIER = moofus.com.FamilyTicTacToeUITests;
				PRODUCT_NAME = "$(TARGET_NAME)";
				SWIFT_EMIT_LOC_STRINGS = NO;
				SWIFT_VERSION = 5.0;
				TARGETED_DEVICE_FAMILY = "1,2";
				TEST_TARGET_NAME = FamilyTicTacToe;
			};
			name = Release;
		};
/* End XCBuildConfiguration section */

/* Begin XCConfigurationList section */
		2A656D992DC0681700594FC1 /* Build configuration list for PBXProject "FamilyTicTacToe" */ = {
			isa = XCConfigurationList;
			buildConfigurations = (
				2A656DBD2DC0681800594FC1 /* Debug */,
				2A656DBE2DC0681800594FC1 /* Release */,
			);
			defaultConfigurationIsVisible = 0;
			defaultConfigurationName = Release;
		};
		2A656DBF2DC0681800594FC1 /* Build configuration list for PBXNativeTarget "FamilyTicTacToe" */ = {
			isa = XCConfigurationList;
			buildConfigurations = (
				2A656DC02DC0681800594FC1 /* Debug */,
				2A656DC12DC0681800594FC1 /* Release */,
			);
			defaultConfigurationIsVisible = 0;
			defaultConfigurationName = Release;
		};
		2A656DC22DC0681800594FC1 /* Build configuration list for PBXNativeTarget "FamilyTicTacToeTests" */ = {
			isa = XCConfigurationList;
			buildConfigurations = (
				2A656DC32DC0681800594FC1 /* Debug */,
				2A656DC42DC0681800594FC1 /* Release */,
			);
			defaultConfigurationIsVisible = 0;
			defaultConfigurationName = Release;
		};
		2A656DC52DC0681800594FC1 /* Build configuration list for PBXNativeTarget "FamilyTicTacToeUITests" */ = {
			isa = XCConfigurationList;
			buildConfigurations = (
				2A656DC62DC0681800594FC1 /* Debug */,
				2A656DC72DC0681800594FC1 /* Release */,
			);
			defaultConfigurationIsVisible = 0;
			defaultConfigurationName = Release;
		};
/* End XCConfigurationList section */
	};
	rootObject = 2A656D962DC0681700594FC1 /* Project object */;
}
